
Microsoft Visual Studio Solution File, Format Version 12.00
# Visual Studio Version 17
VisualStudioVersion = 17.5.33516.290
MinimumVisualStudioVersion = 10.0.40219.1
Project("{FAE04EC0-301F-11D3-BF4B-00C04F79EFBC}") = "EstoqueBackend", "EstoqueBackend\EstoqueBackend.csproj", "{C9C514AE-A3AC-402C-9CEC-EF45579CDD57}"
EndProject
Global
	GlobalSection(SolutionConfigurationPlatforms) = preSolution
		Debug|Any CPU = Debug|Any CPU
		Release|Any CPU = Release|Any CPU
	EndGlobalSection
	GlobalSection(ProjectConfigurationPlatforms) = postSolution
		{C9C514AE-A3AC-402C-9CEC-EF45579CDD57}.Debug|Any CPU.ActiveCfg = Debug|Any CPU
		{C9C514AE-A3AC-402C-9CEC-EF45579CDD57}.Debug|Any CPU.Build.0 = Debug|Any CPU
		{C9C514AE-A3AC-402C-9CEC-EF45579CDD57}.Release|Any CPU.ActiveCfg = Release|Any CPU
		{C9C514AE-A3AC-402C-9CEC-EF45579CDD57}.Release|Any CPU.Build.0 = Release|Any CPU
	EndGlobalSection
	GlobalSection(SolutionProperties) = preSolution
		HideSolutionNode = FALSE
	EndGlobalSection
	GlobalSection(ExtensibilityGlobals) = postSolution
		SolutionGuid = {4EBA7F4D-FF35-4131-83E3-39263056C1F0}
	EndGlobalSection
EndGlobal
